// !$*UTF8*$!
{
	archiveVersion = 1;
	classes = {
	};
	objectVersion = 56;
	objects = {

/* Begin PBXBuildFile section */
		2B55F5532C579CBF0060D9B0 /* DafabetApp.swift in Sources */ = {isa = PBXBuildFile; fileRef = 2B55F5522C579CBF0060D9B0 /* DafabetApp.swift */; };
		2B55F5552C579CBF0060D9B0 /* ContentView.swift in Sources */ = {isa = PBXBuildFile; fileRef = 2B55F5542C579CBF0060D9B0 /* ContentView.swift */; };
		2B55F5572C579CC10060D9B0 /* Assets.xcassets in Resources */ = {isa = PBXBuildFile; fileRef = 2B55F5562C579CC10060D9B0 /* Assets.xcassets */; };
		2B55F55A2C579CC10060D9B0 /* Preview Assets.xcassets in Resources */ = {isa = PBXBuildFile; fileRef = 2B55F5592C579CC10060D9B0 /* Preview Assets.xcassets */; };
		2B55F5622C579E800060D9B0 /* LoaderUIView.swift in Sources */ = {isa = PBXBuildFile; fileRef = 2B55F5612C579E800060D9B0 /* LoaderUIView.swift */; };
		2B55F56A2C579F040060D9B0 /* ReOnboardingUIView.swift in Sources */ = {isa = PBXBuildFile; fileRef = 2B55F5692C579F040060D9B0 /* ReOnboardingUIView.swift */; };
		2B55F56C2C579F0F0060D9B0 /* UsUIView.swift in Sources */ = {isa = PBXBuildFile; fileRef = 2B55F56B2C579F0F0060D9B0 /* UsUIView.swift */; };
		2B55F5782C57B7DB0060D9B0 /* TabUIView.swift in Sources */ = {isa = PBXBuildFile; fileRef = 2B55F5772C57B7DB0060D9B0 /* TabUIView.swift */; };
		2B55F57B2C57BD010060D9B0 /* SettingsUIView.swift in Sources */ = {isa = PBXBuildFile; fileRef = 2B55F57A2C57BD010060D9B0 /* SettingsUIView.swift */; };
		2B55F57F2C57BD2E0060D9B0 /* SettingsViewModel.swift in Sources */ = {isa = PBXBuildFile; fileRef = 2B55F57E2C57BD2E0060D9B0 /* SettingsViewModel.swift */; };
		2B55F5852C58C4BA0060D9B0 /* StatisticsUIView.swift in Sources */ = {isa = PBXBuildFile; fileRef = 2B55F5842C58C4BA0060D9B0 /* StatisticsUIView.swift */; };
		2B55F5872C58D54E0060D9B0 /* EditStatsUIView.swift in Sources */ = {isa = PBXBuildFile; fileRef = 2B55F5862C58D54E0060D9B0 /* EditStatsUIView.swift */; };
		2B55F58A2C58D6540060D9B0 /* ImagePicker.swift in Sources */ = {isa = PBXBuildFile; fileRef = 2B55F5892C58D6540060D9B0 /* ImagePicker.swift */; };
		2B55F58C2C5908CA0060D9B0 /* Profile.swift in Sources */ = {isa = PBXBuildFile; fileRef = 2B55F58B2C5908CA0060D9B0 /* Profile.swift */; };
		2B55F58E2C5909820060D9B0 /* ProfileViewModel.swift in Sources */ = {isa = PBXBuildFile; fileRef = 2B55F58D2C5909820060D9B0 /* ProfileViewModel.swift */; };
		2B55F5942C5A2EFD0060D9B0 /* TripsUIView.swift in Sources */ = {isa = PBXBuildFile; fileRef = 2B55F5932C5A2EFD0060D9B0 /* TripsUIView.swift */; };
		2B55F5962C5A32DA0060D9B0 /* TripCellUIView.swift in Sources */ = {isa = PBXBuildFile; fileRef = 2B55F5952C5A32DA0060D9B0 /* TripCellUIView.swift */; };
		2B55F5982C5A37450060D9B0 /* Trip.swift in Sources */ = {isa = PBXBuildFile; fileRef = 2B55F5972C5A37450060D9B0 /* Trip.swift */; };
		2B55F59A2C5A38980060D9B0 /* TripsViewModel.swift in Sources */ = {isa = PBXBuildFile; fileRef = 2B55F5992C5A38980060D9B0 /* TripsViewModel.swift */; };
		2B55F59C2C5A53AC0060D9B0 /* TripDetailsUIView.swift in Sources */ = {isa = PBXBuildFile; fileRef = 2B55F59B2C5A53AC0060D9B0 /* TripDetailsUIView.swift */; };
		2B55F59E2C5A57190060D9B0 /* DescentCellUIView.swift in Sources */ = {isa = PBXBuildFile; fileRef = 2B55F59D2C5A57190060D9B0 /* DescentCellUIView.swift */; };
		2B55F5A02C5A67F20060D9B0 /* NewDescentUIView.swift in Sources */ = {isa = PBXBuildFile; fileRef = 2B55F59F2C5A67F20060D9B0 /* NewDescentUIView.swift */; };
		2B55F5A22C5A6EF20060D9B0 /* NewTripUIView.swift in Sources */ = {isa = PBXBuildFile; fileRef = 2B55F5A12C5A6EF20060D9B0 /* NewTripUIView.swift */; };
		2BFA61CE2C6E06F600BF2A51 /* ApphudSDK in Frameworks */ = {isa = PBXBuildFile; productRef = 2BFA61CD2C6E06F600BF2A51 /* ApphudSDK */; };
		2BFA61D02C6E071700BF2A51 /* AppDelegate.swift in Sources */ = {isa = PBXBuildFile; fileRef = 2BFA61CF2C6E071700BF2A51 /* AppDelegate.swift */; };
		2BFA61D32C6E08F500BF2A51 /* Info.swift in Sources */ = {isa = PBXBuildFile; fileRef = 2BFA61D22C6E08F500BF2A51 /* Info.swift */; };
		2BFA61D62C6E0D6F00BF2A51 /* YandexMobileMetrica in Frameworks */ = {isa = PBXBuildFile; productRef = 2BFA61D52C6E0D6F00BF2A51 /* YandexMobileMetrica */; };
		2BFA61D82C6E0D6F00BF2A51 /* YandexMobileMetricaCrashes in Frameworks */ = {isa = PBXBuildFile; productRef = 2BFA61D72C6E0D6F00BF2A51 /* YandexMobileMetricaCrashes */; };
		2BFA61DB2C6E0EC700BF2A51 /* WebUIView.swift in Sources */ = {isa = PBXBuildFile; fileRef = 2BFA61DA2C6E0EC700BF2A51 /* WebUIView.swift */; };
		2BFA61DE2C6E124200BF2A51 /* API.swift in Sources */ = {isa = PBXBuildFile; fileRef = 2BFA61DD2C6E124200BF2A51 /* API.swift */; };
/* End PBXBuildFile section */

/* Begin PBXFileReference section */
		2B55F54F2C579CBF0060D9B0 /* Dafabet.app */ = {isa = PBXFileReference; explicitFileType = wrapper.application; includeInIndex = 0; path = Dafabet.app; sourceTree = BUILT_PRODUCTS_DIR; };
		2B55F5522C579CBF0060D9B0 /* DafabetApp.swift */ = {isa = PBXFileReference; lastKnownFileType = sourcecode.swift; path = DafabetApp.swift; sourceTree = "<group>"; };
		2B55F5542C579CBF0060D9B0 /* ContentView.swift */ = {isa = PBXFileReference; lastKnownFileType = sourcecode.swift; path = ContentView.swift; sourceTree = "<group>"; };
		2B55F5562C579CC10060D9B0 /* Assets.xcassets */ = {isa = PBXFileReference; lastKnownFileType = folder.assetcatalog; path = Assets.xcassets; sourceTree = "<group>"; };
		2B55F5592C579CC10060D9B0 /* Preview Assets.xcassets */ = {isa = PBXFileReference; lastKnownFileType = folder.assetcatalog; path = "Preview Assets.xcassets"; sourceTree = "<group>"; };
		2B55F5612C579E800060D9B0 /* LoaderUIView.swift */ = {isa = PBXFileReference; lastKnownFileType = sourcecode.swift; path = LoaderUIView.swift; sourceTree = "<group>"; };
		2B55F5692C579F040060D9B0 /* ReOnboardingUIView.swift */ = {isa = PBXFileReference; lastKnownFileType = sourcecode.swift; path = ReOnboardingUIView.swift; sourceTree = "<group>"; };
		2B55F56B2C579F0F0060D9B0 /* UsUIView.swift */ = {isa = PBXFileReference; lastKnownFileType = sourcecode.swift; path = UsUIView.swift; sourceTree = "<group>"; };
		2B55F5772C57B7DB0060D9B0 /* TabUIView.swift */ = {isa = PBXFileReference; lastKnownFileType = sourcecode.swift; path = TabUIView.swift; sourceTree = "<group>"; };
		2B55F57A2C57BD010060D9B0 /* SettingsUIView.swift */ = {isa = PBXFileReference; lastKnownFileType = sourcecode.swift; path = SettingsUIView.swift; sourceTree = "<group>"; };
		2B55F57E2C57BD2E0060D9B0 /* SettingsViewModel.swift */ = {isa = PBXFileReference; lastKnownFileType = sourcecode.swift; path = SettingsViewModel.swift; sourceTree = "<group>"; };
		2B55F5842C58C4BA0060D9B0 /* StatisticsUIView.swift */ = {isa = PBXFileReference; lastKnownFileType = sourcecode.swift; path = StatisticsUIView.swift; sourceTree = "<group>"; };
		2B55F5862C58D54E0060D9B0 /* EditStatsUIView.swift */ = {isa = PBXFileReference; lastKnownFileType = sourcecode.swift; path = EditStatsUIView.swift; sourceTree = "<group>"; };
		2B55F5892C58D6540060D9B0 /* ImagePicker.swift */ = {isa = PBXFileReference; lastKnownFileType = sourcecode.swift; path = ImagePicker.swift; sourceTree = "<group>"; };
		2B55F58B2C5908CA0060D9B0 /* Profile.swift */ = {isa = PBXFileReference; lastKnownFileType = sourcecode.swift; path = Profile.swift; sourceTree = "<group>"; };
		2B55F58D2C5909820060D9B0 /* ProfileViewModel.swift */ = {isa = PBXFileReference; lastKnownFileType = sourcecode.swift; path = ProfileViewModel.swift; sourceTree = "<group>"; };
		2B55F5932C5A2EFD0060D9B0 /* TripsUIView.swift */ = {isa = PBXFileReference; lastKnownFileType = sourcecode.swift; path = TripsUIView.swift; sourceTree = "<group>"; };
		2B55F5952C5A32DA0060D9B0 /* TripCellUIView.swift */ = {isa = PBXFileReference; lastKnownFileType = sourcecode.swift; path = TripCellUIView.swift; sourceTree = "<group>"; };
		2B55F5972C5A37450060D9B0 /* Trip.swift */ = {isa = PBXFileReference; lastKnownFileType = sourcecode.swift; path = Trip.swift; sourceTree = "<group>"; };
		2B55F5992C5A38980060D9B0 /* TripsViewModel.swift */ = {isa = PBXFileReference; lastKnownFileType = sourcecode.swift; path = TripsViewModel.swift; sourceTree = "<group>"; };
		2B55F59B2C5A53AC0060D9B0 /* TripDetailsUIView.swift */ = {isa = PBXFileReference; lastKnownFileType = sourcecode.swift; path = TripDetailsUIView.swift; sourceTree = "<group>"; };
		2B55F59D2C5A57190060D9B0 /* DescentCellUIView.swift */ = {isa = PBXFileReference; lastKnownFileType = sourcecode.swift; path = DescentCellUIView.swift; sourceTree = "<group>"; };
		2B55F59F2C5A67F20060D9B0 /* NewDescentUIView.swift */ = {isa = PBXFileReference; lastKnownFileType = sourcecode.swift; path = NewDescentUIView.swift; sourceTree = "<group>"; };
		2B55F5A12C5A6EF20060D9B0 /* NewTripUIView.swift */ = {isa = PBXFileReference; lastKnownFileType = sourcecode.swift; path = NewTripUIView.swift; sourceTree = "<group>"; };
		2BFA61CF2C6E071700BF2A51 /* AppDelegate.swift */ = {isa = PBXFileReference; lastKnownFileType = sourcecode.swift; path = AppDelegate.swift; sourceTree = "<group>"; };
		2BFA61D22C6E08F500BF2A51 /* Info.swift */ = {isa = PBXFileReference; lastKnownFileType = sourcecode.swift; path = Info.swift; sourceTree = "<group>"; };
		2BFA61DA2C6E0EC700BF2A51 /* WebUIView.swift */ = {isa = PBXFileReference; lastKnownFileType = sourcecode.swift; path = WebUIView.swift; sourceTree = "<group>"; };
		2BFA61DD2C6E124200BF2A51 /* API.swift */ = {isa = PBXFileReference; lastKnownFileType = sourcecode.swift; path = API.swift; sourceTree = "<group>"; };
/* End PBXFileReference section */

/* Begin PBXFrameworksBuildPhase section */
		2B55F54C2C579CBF0060D9B0 /* Frameworks */ = {
			isa = PBXFrameworksBuildPhase;
			buildActionMask = 2147483647;
			files = (
				2BFA61CE2C6E06F600BF2A51 /* ApphudSDK in Frameworks */,
				2BFA61D82C6E0D6F00BF2A51 /* YandexMobileMetricaCrashes in Frameworks */,
				2BFA61D62C6E0D6F00BF2A51 /* YandexMobileMetrica in Frameworks */,
			);
			runOnlyForDeploymentPostprocessing = 0;
		};
/* End PBXFrameworksBuildPhase section */

/* Begin PBXGroup section */
		2B55F5462C579CBF0060D9B0 = {
			isa = PBXGroup;
			children = (
				2B55F5512C579CBF0060D9B0 /* Dafabet */,
				2B55F5502C579CBF0060D9B0 /* Products */,
				2BFA61AE2C6CC0B300BF2A51 /* Frameworks */,
			);
			sourceTree = "<group>";
		};
		2B55F5502C579CBF0060D9B0 /* Products */ = {
			isa = PBXGroup;
			children = (
				2B55F54F2C579CBF0060D9B0 /* Dafabet.app */,
			);
			name = Products;
			sourceTree = "<group>";
		};
		2B55F5512C579CBF0060D9B0 /* Dafabet */ = {
			isa = PBXGroup;
			children = (
				2BFA61DC2C6E123200BF2A51 /* Service */,
				2BFA61D12C6E08E200BF2A51 /* Manager */,
				2B55F5632C579E920060D9B0 /* First */,
				2B55F5642C579E9B0060D9B0 /* Second */,
				2B55F5602C579E650060D9B0 /* LoaderView */,
				2B55F5522C579CBF0060D9B0 /* DafabetApp.swift */,
				2BFA61CF2C6E071700BF2A51 /* AppDelegate.swift */,
				2B55F5542C579CBF0060D9B0 /* ContentView.swift */,
				2B55F5562C579CC10060D9B0 /* Assets.xcassets */,
				2B55F5582C579CC10060D9B0 /* Preview Content */,
			);
			path = Dafabet;
			sourceTree = "<group>";
		};
		2B55F5582C579CC10060D9B0 /* Preview Content */ = {
			isa = PBXGroup;
			children = (
				2B55F5592C579CC10060D9B0 /* Preview Assets.xcassets */,
			);
			path = "Preview Content";
			sourceTree = "<group>";
		};
		2B55F5602C579E650060D9B0 /* LoaderView */ = {
			isa = PBXGroup;
			children = (
				2B55F5612C579E800060D9B0 /* LoaderUIView.swift */,
			);
			path = LoaderView;
			sourceTree = "<group>";
		};
		2B55F5632C579E920060D9B0 /* First */ = {
			isa = PBXGroup;
			children = (
				2B55F5882C58D6430060D9B0 /* Extensions */,
				2B55F5652C579EAD0060D9B0 /* Modules */,
			);
			path = First;
			sourceTree = "<group>";
		};
		2B55F5642C579E9B0060D9B0 /* Second */ = {
			isa = PBXGroup;
			children = (
				2B55F5662C579EB50060D9B0 /* Modules */,
			);
			path = Second;
			sourceTree = "<group>";
		};
		2B55F5652C579EAD0060D9B0 /* Modules */ = {
			isa = PBXGroup;
			children = (
				2B55F58F2C5A2ECF0060D9B0 /* Trips */,
				2B55F5802C58C48C0060D9B0 /* Statistics */,
				2B55F5792C57BCE90060D9B0 /* Settings */,
				2B55F5762C57B7B40060D9B0 /* TabBar */,
				2B55F5672C579EBD0060D9B0 /* Onboarding */,
			);
			path = Modules;
			sourceTree = "<group>";
		};
		2B55F5662C579EB50060D9B0 /* Modules */ = {
			isa = PBXGroup;
			children = (
				2BFA61D92C6E0EB900BF2A51 /* Web */,
				2B55F5682C579EC40060D9B0 /* Onboarding */,
			);
			path = Modules;
			sourceTree = "<group>";
		};
		2B55F5672C579EBD0060D9B0 /* Onboarding */ = {
			isa = PBXGroup;
			children = (
				2B55F5692C579F040060D9B0 /* ReOnboardingUIView.swift */,
			);
			path = Onboarding;
			sourceTree = "<group>";
		};
		2B55F5682C579EC40060D9B0 /* Onboarding */ = {
			isa = PBXGroup;
			children = (
				2B55F56B2C579F0F0060D9B0 /* UsUIView.swift */,
			);
			path = Onboarding;
			sourceTree = "<group>";
		};
		2B55F5762C57B7B40060D9B0 /* TabBar */ = {
			isa = PBXGroup;
			children = (
				2B55F5772C57B7DB0060D9B0 /* TabUIView.swift */,
			);
			path = TabBar;
			sourceTree = "<group>";
		};
		2B55F5792C57BCE90060D9B0 /* Settings */ = {
			isa = PBXGroup;
			children = (
				2B55F57D2C57BD140060D9B0 /* ViewModel */,
				2B55F57C2C57BD100060D9B0 /* View */,
			);
			path = Settings;
			sourceTree = "<group>";
		};
		2B55F57C2C57BD100060D9B0 /* View */ = {
			isa = PBXGroup;
			children = (
				2B55F57A2C57BD010060D9B0 /* SettingsUIView.swift */,
			);
			path = View;
			sourceTree = "<group>";
		};
		2B55F57D2C57BD140060D9B0 /* ViewModel */ = {
			isa = PBXGroup;
			children = (
				2B55F57E2C57BD2E0060D9B0 /* SettingsViewModel.swift */,
			);
			path = ViewModel;
			sourceTree = "<group>";
		};
		2B55F5802C58C48C0060D9B0 /* Statistics */ = {
			isa = PBXGroup;
			children = (
				2B55F5832C58C4A40060D9B0 /* Model */,
				2B55F5822C58C4A00060D9B0 /* View */,
				2B55F5812C58C4960060D9B0 /* ViewModel */,
			);
			path = Statistics;
			sourceTree = "<group>";
		};
		2B55F5812C58C4960060D9B0 /* ViewModel */ = {
			isa = PBXGroup;
			children = (
				2B55F58D2C5909820060D9B0 /* ProfileViewModel.swift */,
			);
			path = ViewModel;
			sourceTree = "<group>";
		};
		2B55F5822C58C4A00060D9B0 /* View */ = {
			isa = PBXGroup;
			children = (
				2B55F5842C58C4BA0060D9B0 /* StatisticsUIView.swift */,
				2B55F5862C58D54E0060D9B0 /* EditStatsUIView.swift */,
			);
			path = View;
			sourceTree = "<group>";
		};
		2B55F5832C58C4A40060D9B0 /* Model */ = {
			isa = PBXGroup;
			children = (
				2B55F58B2C5908CA0060D9B0 /* Profile.swift */,
			);
			path = Model;
			sourceTree = "<group>";
		};
		2B55F5882C58D6430060D9B0 /* Extensions */ = {
			isa = PBXGroup;
			children = (
				2B55F5892C58D6540060D9B0 /* ImagePicker.swift */,
			);
			path = Extensions;
			sourceTree = "<group>";
		};
		2B55F58F2C5A2ECF0060D9B0 /* Trips */ = {
			isa = PBXGroup;
			children = (
				2B55F5922C5A2EE90060D9B0 /* Model */,
				2B55F5912C5A2EE00060D9B0 /* View */,
				2B55F5902C5A2ED80060D9B0 /* ViewModel */,
			);
			path = Trips;
			sourceTree = "<group>";
		};
		2B55F5902C5A2ED80060D9B0 /* ViewModel */ = {
			isa = PBXGroup;
			children = (
				2B55F5992C5A38980060D9B0 /* TripsViewModel.swift */,
			);
			path = ViewModel;
			sourceTree = "<group>";
		};
		2B55F5912C5A2EE00060D9B0 /* View */ = {
			isa = PBXGroup;
			children = (
				2B55F5932C5A2EFD0060D9B0 /* TripsUIView.swift */,
				2B55F5952C5A32DA0060D9B0 /* TripCellUIView.swift */,
				2B55F59B2C5A53AC0060D9B0 /* TripDetailsUIView.swift */,
				2B55F59D2C5A57190060D9B0 /* DescentCellUIView.swift */,
				2B55F59F2C5A67F20060D9B0 /* NewDescentUIView.swift */,
				2B55F5A12C5A6EF20060D9B0 /* NewTripUIView.swift */,
			);
			path = View;
			sourceTree = "<group>";
		};
		2B55F5922C5A2EE90060D9B0 /* Model */ = {
			isa = PBXGroup;
			children = (
				2B55F5972C5A37450060D9B0 /* Trip.swift */,
			);
			path = Model;
			sourceTree = "<group>";
		};
		2BFA61AE2C6CC0B300BF2A51 /* Frameworks */ = {
			isa = PBXGroup;
			children = (
			);
			name = Frameworks;
			sourceTree = "<group>";
		};
		2BFA61D12C6E08E200BF2A51 /* Manager */ = {
			isa = PBXGroup;
			children = (
				2BFA61D22C6E08F500BF2A51 /* Info.swift */,
			);
			path = Manager;
			sourceTree = "<group>";
		};
		2BFA61D92C6E0EB900BF2A51 /* Web */ = {
			isa = PBXGroup;
			children = (
				2BFA61DA2C6E0EC700BF2A51 /* WebUIView.swift */,
			);
			path = Web;
			sourceTree = "<group>";
		};
		2BFA61DC2C6E123200BF2A51 /* Service */ = {
			isa = PBXGroup;
			children = (
				2BFA61DD2C6E124200BF2A51 /* API.swift */,
			);
			path = Service;
			sourceTree = "<group>";
		};
/* End PBXGroup section */

/* Begin PBXNativeTarget section */
		2B55F54E2C579CBF0060D9B0 /* Dafabet */ = {
			isa = PBXNativeTarget;
			buildConfigurationList = 2B55F55D2C579CC10060D9B0 /* Build configuration list for PBXNativeTarget "Dafabet" */;
			buildPhases = (
				2B55F54B2C579CBF0060D9B0 /* Sources */,
				2B55F54C2C579CBF0060D9B0 /* Frameworks */,
				2B55F54D2C579CBF0060D9B0 /* Resources */,
			);
			buildRules = (
			);
			dependencies = (
			);
			name = Dafabet;
			packageProductDependencies = (
				2BFA61CD2C6E06F600BF2A51 /* ApphudSDK */,
				2BFA61D52C6E0D6F00BF2A51 /* YandexMobileMetrica */,
				2BFA61D72C6E0D6F00BF2A51 /* YandexMobileMetricaCrashes */,
			);
			productName = Dafabet;
			productReference = 2B55F54F2C579CBF0060D9B0 /* Dafabet.app */;
			productType = "com.apple.product-type.application";
		};
/* End PBXNativeTarget section */

/* Begin PBXProject section */
		2B55F5472C579CBF0060D9B0 /* Project object */ = {
			isa = PBXProject;
			attributes = {
				BuildIndependentTargetsInParallel = 1;
				LastSwiftUpdateCheck = 1520;
				LastUpgradeCheck = 1520;
				TargetAttributes = {
					2B55F54E2C579CBF0060D9B0 = {
						CreatedOnToolsVersion = 15.2;
					};
				};
			};
			buildConfigurationList = 2B55F54A2C579CBF0060D9B0 /* Build configuration list for PBXProject "Dafabet" */;
			compatibilityVersion = "Xcode 14.0";
			developmentRegion = en;
			hasScannedForEncodings = 0;
			knownRegions = (
				en,
				Base,
			);
			mainGroup = 2B55F5462C579CBF0060D9B0;
			packageReferences = (
				2BFA61CC2C6E06F600BF2A51 /* XCRemoteSwiftPackageReference "ApphudSDK" */,
				2BFA61D42C6E0D6F00BF2A51 /* XCRemoteSwiftPackageReference "metrica-sdk-ios" */,
			);
			productRefGroup = 2B55F5502C579CBF0060D9B0 /* Products */;
			projectDirPath = "";
			projectRoot = "";
			targets = (
				2B55F54E2C579CBF0060D9B0 /* Dafabet */,
			);
		};
/* End PBXProject section */

/* Begin PBXResourcesBuildPhase section */
		2B55F54D2C579CBF0060D9B0 /* Resources */ = {
			isa = PBXResourcesBuildPhase;
			buildActionMask = 2147483647;
			files = (
				2B55F55A2C579CC10060D9B0 /* Preview Assets.xcassets in Resources */,
				2B55F5572C579CC10060D9B0 /* Assets.xcassets in Resources */,
			);
			runOnlyForDeploymentPostprocessing = 0;
		};
/* End PBXResourcesBuildPhase section */

/* Begin PBXSourcesBuildPhase section */
		2B55F54B2C579CBF0060D9B0 /* Sources */ = {
			isa = PBXSourcesBuildPhase;
			buildActionMask = 2147483647;
			files = (
				2BFA61D02C6E071700BF2A51 /* AppDelegate.swift in Sources */,
				2BFA61DB2C6E0EC700BF2A51 /* WebUIView.swift in Sources */,
				2B55F59C2C5A53AC0060D9B0 /* TripDetailsUIView.swift in Sources */,
				2B55F5852C58C4BA0060D9B0 /* StatisticsUIView.swift in Sources */,
				2B55F59E2C5A57190060D9B0 /* DescentCellUIView.swift in Sources */,
				2B55F58C2C5908CA0060D9B0 /* Profile.swift in Sources */,
				2B55F5552C579CBF0060D9B0 /* ContentView.swift in Sources */,
				2B55F5872C58D54E0060D9B0 /* EditStatsUIView.swift in Sources */,
				2B55F5982C5A37450060D9B0 /* Trip.swift in Sources */,
				2B55F5A22C5A6EF20060D9B0 /* NewTripUIView.swift in Sources */,
				2B55F5532C579CBF0060D9B0 /* DafabetApp.swift in Sources */,
				2B55F5942C5A2EFD0060D9B0 /* TripsUIView.swift in Sources */,
				2B55F5782C57B7DB0060D9B0 /* TabUIView.swift in Sources */,
				2B55F56C2C579F0F0060D9B0 /* UsUIView.swift in Sources */,
				2BFA61D32C6E08F500BF2A51 /* Info.swift in Sources */,
				2B55F56A2C579F040060D9B0 /* ReOnboardingUIView.swift in Sources */,
				2B55F58A2C58D6540060D9B0 /* ImagePicker.swift in Sources */,
				2B55F5962C5A32DA0060D9B0 /* TripCellUIView.swift in Sources */,
				2B55F5A02C5A67F20060D9B0 /* NewDescentUIView.swift in Sources */,
				2BFA61DE2C6E124200BF2A51 /* API.swift in Sources */,
				2B55F5622C579E800060D9B0 /* LoaderUIView.swift in Sources */,
				2B55F58E2C5909820060D9B0 /* ProfileViewModel.swift in Sources */,
				2B55F59A2C5A38980060D9B0 /* TripsViewModel.swift in Sources */,
				2B55F57B2C57BD010060D9B0 /* SettingsUIView.swift in Sources */,
				2B55F57F2C57BD2E0060D9B0 /* SettingsViewModel.swift in Sources */,
			);
			runOnlyForDeploymentPostprocessing = 0;
		};
/* End PBXSourcesBuildPhase section */

/* Begin XCBuildConfiguration section */
		2B55F55B2C579CC10060D9B0 /* Debug */ = {
			isa = XCBuildConfiguration;
			buildSettings = {
				ALWAYS_SEARCH_USER_PATHS = NO;
				ASSETCATALOG_COMPILER_GENERATE_SWIFT_ASSET_SYMBOL_EXTENSIONS = YES;
				CLANG_ANALYZER_NONNULL = YES;
				CLANG_ANALYZER_NUMBER_OBJECT_CONVERSION = YES_AGGRESSIVE;
				CLANG_CXX_LANGUAGE_STANDARD = "gnu++20";
				CLANG_ENABLE_MODULES = YES;
				CLANG_ENABLE_OBJC_ARC = YES;
				CLANG_ENABLE_OBJC_WEAK = YES;
				CLANG_WARN_BLOCK_CAPTURE_AUTORELEASING = YES;
				CLANG_WARN_BOOL_CONVERSION = YES;
				CLANG_WARN_COMMA = YES;
				CLANG_WARN_CONSTANT_CONVERSION = YES;
				CLANG_WARN_DEPRECATED_OBJC_IMPLEMENTATIONS = YES;
				CLANG_WARN_DIRECT_OBJC_ISA_USAGE = YES_ERROR;
				CLANG_WARN_DOCUMENTATION_COMMENTS = YES;
				CLANG_WARN_EMPTY_BODY = YES;
				CLANG_WARN_ENUM_CONVERSION = YES;
				CLANG_WARN_INFINITE_RECURSION = YES;
				CLANG_WARN_INT_CONVERSION = YES;
				CLANG_WARN_NON_LITERAL_NULL_CONVERSION = YES;
				CLANG_WARN_OBJC_IMPLICIT_RETAIN_SELF = YES;
				CLANG_WARN_OBJC_LITERAL_CONVERSION = YES;
				CLANG_WARN_OBJC_ROOT_CLASS = YES_ERROR;
				CLANG_WARN_QUOTED_INCLUDE_IN_FRAMEWORK_HEADER = YES;
				CLANG_WARN_RANGE_LOOP_ANALYSIS = YES;
				CLANG_WARN_STRICT_PROTOTYPES = YES;
				CLANG_WARN_SUSPICIOUS_MOVE = YES;
				CLANG_WARN_UNGUARDED_AVAILABILITY = YES_AGGRESSIVE;
				CLANG_WARN_UNREACHABLE_CODE = YES;
				CLANG_WARN__DUPLICATE_METHOD_MATCH = YES;
				COPY_PHASE_STRIP = NO;
				DEBUG_INFORMATION_FORMAT = dwarf;
				ENABLE_STRICT_OBJC_MSGSEND = YES;
				ENABLE_TESTABILITY = YES;
				ENABLE_USER_SCRIPT_SANDBOXING = YES;
				GCC_C_LANGUAGE_STANDARD = gnu17;
				GCC_DYNAMIC_NO_PIC = NO;
				GCC_NO_COMMON_BLOCKS = YES;
				GCC_OPTIMIZATION_LEVEL = 0;
				GCC_PREPROCESSOR_DEFINITIONS = (
					"DEBUG=1",
					"$(inherited)",
				);
				GCC_WARN_64_TO_32_BIT_CONVERSION = YES;
				GCC_WARN_ABOUT_RETURN_TYPE = YES_ERROR;
				GCC_WARN_UNDECLARED_SELECTOR = YES;
				GCC_WARN_UNINITIALIZED_AUTOS = YES_AGGRESSIVE;
				GCC_WARN_UNUSED_FUNCTION = YES;
				GCC_WARN_UNUSED_VARIABLE = YES;
				IPHONEOS_DEPLOYMENT_TARGET = 14.0;
				LOCALIZATION_PREFERS_STRING_CATALOGS = YES;
				MTL_ENABLE_DEBUG_INFO = INCLUDE_SOURCE;
				MTL_FAST_MATH = YES;
				ONLY_ACTIVE_ARCH = YES;
				SDKROOT = iphoneos;
				SWIFT_ACTIVE_COMPILATION_CONDITIONS = "DEBUG $(inherited)";
				SWIFT_OPTIMIZATION_LEVEL = "-Onone";
			};
			name = Debug;
		};
		2B55F55C2C579CC10060D9B0 /* Release */ = {
			isa = XCBuildConfiguration;
			buildSettings = {
				ALWAYS_SEARCH_USER_PATHS = NO;
				ASSETCATALOG_COMPILER_GENERATE_SWIFT_ASSET_SYMBOL_EXTENSIONS = YES;
				CLANG_ANALYZER_NONNULL = YES;
				CLANG_ANALYZER_NUMBER_OBJECT_CONVERSION = YES_AGGRESSIVE;
				CLANG_CXX_LANGUAGE_STANDARD = "gnu++20";
				CLANG_ENABLE_MODULES = YES;
				CLANG_ENABLE_OBJC_ARC = YES;
				CLANG_ENABLE_OBJC_WEAK = YES;
				CLANG_WARN_BLOCK_CAPTURE_AUTORELEASING = YES;
				CLANG_WARN_BOOL_CONVERSION = YES;
				CLANG_WARN_COMMA = YES;
				CLANG_WARN_CONSTANT_CONVERSION = YES;
				CLANG_WARN_DEPRECATED_OBJC_IMPLEMENTATIONS = YES;
				CLANG_WARN_DIRECT_OBJC_ISA_USAGE = YES_ERROR;
				CLANG_WARN_DOCUMENTATION_COMMENTS = YES;
				CLANG_WARN_EMPTY_BODY = YES;
				CLANG_WARN_ENUM_CONVERSION = YES;
				CLANG_WARN_INFINITE_RECURSION = YES;
				CLANG_WARN_INT_CONVERSION = YES;
				CLANG_WARN_NON_LITERAL_NULL_CONVERSION = YES;
				CLANG_WARN_OBJC_IMPLICIT_RETAIN_SELF = YES;
				CLANG_WARN_OBJC_LITERAL_CONVERSION = YES;
				CLANG_WARN_OBJC_ROOT_CLASS = YES_ERROR;
				CLANG_WARN_QUOTED_INCLUDE_IN_FRAMEWORK_HEADER = YES;
				CLANG_WARN_RANGE_LOOP_ANALYSIS = YES;
				CLANG_WARN_STRICT_PROTOTYPES = YES;
				CLANG_WARN_SUSPICIOUS_MOVE = YES;
				CLANG_WARN_UNGUARDED_AVAILABILITY = YES_AGGRESSIVE;
				CLANG_WARN_UNREACHABLE_CODE = YES;
				CLANG_WARN__DUPLICATE_METHOD_MATCH = YES;
				COPY_PHASE_STRIP = NO;
				DEBUG_INFORMATION_FORMAT = "dwarf-with-dsym";
				ENABLE_NS_ASSERTIONS = NO;
				ENABLE_STRICT_OBJC_MSGSEND = YES;
				ENABLE_USER_SCRIPT_SANDBOXING = YES;
				GCC_C_LANGUAGE_STANDARD = gnu17;
				GCC_NO_COMMON_BLOCKS = YES;
				GCC_WARN_64_TO_32_BIT_CONVERSION = YES;
				GCC_WARN_ABOUT_RETURN_TYPE = YES_ERROR;
				GCC_WARN_UNDECLARED_SELECTOR = YES;
				GCC_WARN_UNINITIALIZED_AUTOS = YES_AGGRESSIVE;
				GCC_WARN_UNUSED_FUNCTION = YES;
				GCC_WARN_UNUSED_VARIABLE = YES;
				IPHONEOS_DEPLOYMENT_TARGET = 14.0;
				LOCALIZATION_PREFERS_STRING_CATALOGS = YES;
				MTL_ENABLE_DEBUG_INFO = NO;
				MTL_FAST_MATH = YES;
				SDKROOT = iphoneos;
				SWIFT_COMPILATION_MODE = wholemodule;
				VALIDATE_PRODUCT = YES;
			};
			name = Release;
		};
		2B55F55E2C579CC10060D9B0 /* Debug */ = {
			isa = XCBuildConfiguration;
			buildSettings = {
				ASSETCATALOG_COMPILER_APPICON_NAME = AppIcon;
				ASSETCATALOG_COMPILER_GLOBAL_ACCENT_COLOR_NAME = AccentColor;
				CODE_SIGN_STYLE = Automatic;
				CURRENT_PROJECT_VERSION = 1;
				DEVELOPMENT_ASSET_PATHS = "\"Dafabet/Preview Content\"";
				ENABLE_PREVIEWS = YES;
				GENERATE_INFOPLIST_FILE = YES;
				INFOPLIST_KEY_CFBundleDisplayName = "Blaze DafaSki";
				INFOPLIST_KEY_UIApplicationSceneManifest_Generation = YES;
				INFOPLIST_KEY_UIApplicationSupportsIndirectInputEvents = YES;
				INFOPLIST_KEY_UILaunchScreen_Generation = YES;
				INFOPLIST_KEY_UIStatusBarHidden = NO;
				INFOPLIST_KEY_UIStatusBarStyle = "";
				INFOPLIST_KEY_UISupportedInterfaceOrientations = UIInterfaceOrientationPortrait;
				INFOPLIST_KEY_UISupportedInterfaceOrientations_iPad = "UIInterfaceOrientationLandscapeLeft UIInterfaceOrientationLandscapeRight UIInterfaceOrientationPortrait UIInterfaceOrientationPortraitUpsideDown";
				LD_RUNPATH_SEARCH_PATHS = (
					"$(inherited)",
					"@executable_path/Frameworks",
				);
				MARKETING_VERSION = 2.1;
				PRODUCT_BUNDLE_IDENTIFIER = adm.Dafabet;
				PRODUCT_NAME = "$(TARGET_NAME)";
				SUPPORTED_PLATFORMS = "iphoneos iphonesimulator";
				SUPPORTS_MACCATALYST = NO;
				SUPPORTS_MAC_DESIGNED_FOR_IPHONE_IPAD = NO;
				SUPPORTS_XR_DESIGNED_FOR_IPHONE_IPAD = NO;
				SWIFT_EMIT_LOC_STRINGS = YES;
				SWIFT_VERSION = 5.0;
				TARGETED_DEVICE_FAMILY = 1;
			};
			name = Debug;
		};
		2B55F55F2C579CC10060D9B0 /* Release */ = {
			isa = XCBuildConfiguration;
			buildSettings = {
				ASSETCATALOG_COMPILER_APPICON_NAME = AppIcon;
				ASSETCATALOG_COMPILER_GLOBAL_ACCENT_COLOR_NAME = AccentColor;
				CODE_SIGN_STYLE = Automatic;
				CURRENT_PROJECT_VERSION = 1;
				DEVELOPMENT_ASSET_PATHS = "\"Dafabet/Preview Content\"";
				ENABLE_PREVIEWS = YES;
				GENERATE_INFOPLIST_FILE = YES;
				INFOPLIST_KEY_CFBundleDisplayName = "Blaze DafaSki";
				INFOPLIST_KEY_UIApplicationSceneManifest_Generation = YES;
				INFOPLIST_KEY_UIApplicationSupportsIndirectInputEvents = YES;
				INFOPLIST_KEY_UILaunchScreen_Generation = YES;
				INFOPLIST_KEY_UIStatusBarHidden = NO;
				INFOPLIST_KEY_UIStatusBarStyle = "";
				INFOPLIST_KEY_UISupportedInterfaceOrientations = UIInterfaceOrientationPortrait;
				INFOPLIST_KEY_UISupportedInterfaceOrientations_iPad = "UIInterfaceOrientationLandscapeLeft UIInterfaceOrientationLandscapeRight UIInterfaceOrientationPortrait UIInterfaceOrientationPortraitUpsideDown";
				LD_RUNPATH_SEARCH_PATHS = (
					"$(inherited)",
					"@executable_path/Frameworks",
				);
				MARKETING_VERSION = 2.1;
				PRODUCT_BUNDLE_IDENTIFIER = adm.Dafabet;
				PRODUCT_NAME = "$(TARGET_NAME)";
				SUPPORTED_PLATFORMS = "iphoneos iphonesimulator";
				SUPPORTS_MACCATALYST = NO;
				SUPPORTS_MAC_DESIGNED_FOR_IPHONE_IPAD = NO;
				SUPPORTS_XR_DESIGNED_FOR_IPHONE_IPAD = NO;
				SWIFT_EMIT_LOC_STRINGS = YES;
				SWIFT_VERSION = 5.0;
				TARGETED_DEVICE_FAMILY = 1;
			};
			name = Release;
		};
/* End XCBuildConfiguration section */

/* Begin XCConfigurationList section */
		2B55F54A2C579CBF0060D9B0 /* Build configuration list for PBXProject "Dafabet" */ = {
			isa = XCConfigurationList;
			buildConfigurations = (
				2B55F55B2C579CC10060D9B0 /* Debug */,
				2B55F55C2C579CC10060D9B0 /* Release */,
			);
			defaultConfigurationIsVisible = 0;
			defaultConfigurationName = Release;
		};
		2B55F55D2C579CC10060D9B0 /* Build configuration list for PBXNativeTarget "Dafabet" */ = {
			isa = XCConfigurationList;
			buildConfigurations = (
				2B55F55E2C579CC10060D9B0 /* Debug */,
				2B55F55F2C579CC10060D9B0 /* Release */,
			);
			defaultConfigurationIsVisible = 0;
			defaultConfigurationName = Release;
		};
/* End XCConfigurationList section */

/* Begin XCRemoteSwiftPackageReference section */
		2BFA61CC2C6E06F600BF2A51 /* XCRemoteSwiftPackageReference "ApphudSDK" */ = {
			isa = XCRemoteSwiftPackageReference;
			repositoryURL = "https://github.com/apphud/ApphudSDK";
			requirement = {
				kind = upToNextMajorVersion;
				minimumVersion = 3.4.0;
			};
		};
		2BFA61D42C6E0D6F00BF2A51 /* XCRemoteSwiftPackageReference "metrica-sdk-ios" */ = {
			isa = XCRemoteSwiftPackageReference;
			repositoryURL = "Https://github.com/yandexmobile/metrica-sdk-ios.git";
			requirement = {
				kind = upToNextMajorVersion;
				minimumVersion = 4.5.2;
			};
		};
/* End XCRemoteSwiftPackageReference section */

/* Begin XCSwiftPackageProductDependency section */
		2BFA61CD2C6E06F600BF2A51 /* ApphudSDK */ = {
			isa = XCSwiftPackageProductDependency;
			package = 2BFA61CC2C6E06F600BF2A51 /* XCRemoteSwiftPackageReference "ApphudSDK" */;
			productName = ApphudSDK;
		};
		2BFA61D52C6E0D6F00BF2A51 /* YandexMobileMetrica */ = {
			isa = XCSwiftPackageProductDependency;
			package = 2BFA61D42C6E0D6F00BF2A51 /* XCRemoteSwiftPackageReference "metrica-sdk-ios" */;
			productName = YandexMobileMetrica;
		};
		2BFA61D72C6E0D6F00BF2A51 /* YandexMobileMetricaCrashes */ = {
			isa = XCSwiftPackageProductDependency;
			package = 2BFA61D42C6E0D6F00BF2A51 /* XCRemoteSwiftPackageReference "metrica-sdk-ios" */;
			productName = YandexMobileMetricaCrashes;
		};
/* End XCSwiftPackageProductDependency section */
	};
	rootObject = 2B55F5472C579CBF0060D9B0 /* Project object */;
}
